
Microsoft Visual Studio Solution File, Format Version 11.00
# Visual Studio 2010
Project("{FAE04EC0-301F-11D3-BF4B-00C04F79EFBC}") = "Chapter1", "Chapter1\Chapter1.csproj", "{0B5314B7-3E65-42C4-8C92-BF75CAEAB880}"
EndProject
Project("{2150E333-8FDC-42A3-9474-1A3956D46DE8}") = "Chapter1_files", "Chapter1_files", "{3CCB3D2A-F4A7-4C95-8439-4CC3E84990C9}"
EndProject
Project("{FAE04EC0-301F-11D3-BF4B-00C04F79EFBC}") = "Chapter1.ConsoleApp", "Chapter1.Console\Chapter1.ConsoleApp.csproj", "{4F237F66-94F2-4EC5-A994-4DC931824946}"
EndProject
Global
	GlobalSection(SolutionConfigurationPlatforms) = preSolution
		Debug|Any CPU = Debug|Any CPU
		Debug|Mixed Platforms = Debug|Mixed Platforms
		Debug|x86 = Debug|x86
		Release|Any CPU = Release|Any CPU
		Release|Mixed Platforms = Release|Mixed Platforms
		Release|x86 = Release|x86
	EndGlobalSection
	GlobalSection(ProjectConfigurationPlatforms) = postSolution
		{0B5314B7-3E65-42C4-8C92-BF75CAEAB880}.Debug|Any CPU.ActiveCfg = Debug|Any CPU
		{0B5314B7-3E65-42C4-8C92-BF75CAEAB880}.Debug|Any CPU.Build.0 = Debug|Any CPU
		{0B5314B7-3E65-42C4-8C92-BF75CAEAB880}.Debug|Mixed Platforms.ActiveCfg = Debug|Any CPU
		{0B5314B7-3E65-42C4-8C92-BF75CAEAB880}.Debug|Mixed Platforms.Build.0 = Debug|Any CPU
		{0B5314B7-3E65-42C4-8C92-BF75CAEAB880}.Debug|x86.ActiveCfg = Debug|Any CPU
		{0B5314B7-3E65-42C4-8C92-BF75CAEAB880}.Release|Any CPU.ActiveCfg = Release|Any CPU
		{0B5314B7-3E65-42C4-8C92-BF75CAEAB880}.Release|Any CPU.Build.0 = Release|Any CPU
		{0B5314B7-3E65-42C4-8C92-BF75CAEAB880}.Release|Mixed Platforms.ActiveCfg = Release|Any CPU
		{0B5314B7-3E65-42C4-8C92-BF75CAEAB880}.Release|Mixed Platforms.Build.0 = Release|Any CPU
		{0B5314B7-3E65-42C4-8C92-BF75CAEAB880}.Release|x86.ActiveCfg = Release|Any CPU
		{4F237F66-94F2-4EC5-A994-4DC931824946}.Debug|Any CPU.ActiveCfg = Debug|x86
		{4F237F66-94F2-4EC5-A994-4DC931824946}.Debug|Mixed Platforms.ActiveCfg = Debug|x86
		{4F237F66-94F2-4EC5-A994-4DC931824946}.Debug|Mixed Platforms.Build.0 = Debug|x86
		{4F237F66-94F2-4EC5-A994-4DC931824946}.Debug|x86.ActiveCfg = Debug|x86
		{4F237F66-94F2-4EC5-A994-4DC931824946}.Debug|x86.Build.0 = Debug|x86
		{4F237F66-94F2-4EC5-A994-4DC931824946}.Release|Any CPU.ActiveCfg = Release|x86
		{4F237F66-94F2-4EC5-A994-4DC931824946}.Release|Mixed Platforms.ActiveCfg = Release|x86
		{4F237F66-94F2-4EC5-A994-4DC931824946}.Release|Mixed Platforms.Build.0 = Release|x86
		{4F237F66-94F2-4EC5-A994-4DC931824946}.Release|x86.ActiveCfg = Release|x86
		{4F237F66-94F2-4EC5-A994-4DC931824946}.Release|x86.Build.0 = Release|x86
	EndGlobalSection
	GlobalSection(SolutionProperties) = preSolution
		HideSolutionNode = FALSE
	EndGlobalSection
	GlobalSection(NestedProjects) = preSolution
		{0B5314B7-3E65-42C4-8C92-BF75CAEAB880} = {3CCB3D2A-F4A7-4C95-8439-4CC3E84990C9}
		{4F237F66-94F2-4EC5-A994-4DC931824946} = {3CCB3D2A-F4A7-4C95-8439-4CC3E84990C9}
	EndGlobalSection
EndGlobal
