
Microsoft Visual Studio Solution File, Format Version 11.00
# Visual Studio 2010
Project("{FAE04EC0-301F-11D3-BF4B-00C04F79EFBC}") = "Chapter1", "Chapter1\Chapter1.csproj", "{0B5314B7-3E65-42C4-8C92-BF75CAEAB880}"
EndProject
Project("{2150E333-8FDC-42A3-9474-1A3956D46DE8}") = "Chapter1_files", "Chapter1_files", "{3CCB3D2A-F4A7-4C95-8439-4CC3E84990C9}"
EndProject
Global
	GlobalSection(SolutionConfigurationPlatforms) = preSolution
		Debug|Any CPU = Debug|Any CPU
		Release|Any CPU = Release|Any CPU
	EndGlobalSection
	GlobalSection(ProjectConfigurationPlatforms) = postSolution
		{0B5314B7-3E65-42C4-8C92-BF75CAEAB880}.Debug|Any CPU.ActiveCfg = Debug|Any CPU
		{0B5314B7-3E65-42C4-8C92-BF75CAEAB880}.Debug|Any CPU.Build.0 = Debug|Any CPU
		{0B5314B7-3E65-42C4-8C92-BF75CAEAB880}.Release|Any CPU.ActiveCfg = Release|Any CPU
		{0B5314B7-3E65-42C4-8C92-BF75CAEAB880}.Release|Any CPU.Build.0 = Release|Any CPU
	EndGlobalSection
	GlobalSection(SolutionProperties) = preSolution
		HideSolutionNode = FALSE
	EndGlobalSection
	GlobalSection(NestedProjects) = preSolution
		{0B5314B7-3E65-42C4-8C92-BF75CAEAB880} = {3CCB3D2A-F4A7-4C95-8439-4CC3E84990C9}
	EndGlobalSection
EndGlobal
